
Microsoft Visual Studio Solution File, Format Version 12.00
# Visual Studio Version 17
VisualStudioVersion = 17.5.33516.290
MinimumVisualStudioVersion = 10.0.40219.1
Project("{9A19103F-16F7-4668-BE54-9A1E7A4F7556}") = "Client", "Client\Client.csproj", "{DB0CD6DC-7808-4C8D-981C-04C561D288B3}"
	ProjectSection(ProjectDependencies) = postProject
		{DFDD142C-017C-473D-ADB4-7E3FCB728BDF} = {DFDD142C-017C-473D-ADB4-7E3FCB728BDF}
	EndProjectSection
EndProject
Project("{9A19103F-16F7-4668-BE54-9A1E7A4F7556}") = "Server", "Server\Server.csproj", "{DFDD142C-017C-473D-ADB4-7E3FCB728BDF}"
EndProject
Global
	GlobalSection(SolutionConfigurationPlatforms) = preSolution
		Debug|Any CPU = Debug|Any CPU
		Release|Any CPU = Release|Any CPU
	EndGlobalSection
	GlobalSection(ProjectConfigurationPlatforms) = postSolution
		{DB0CD6DC-7808-4C8D-981C-04C561D288B3}.Debug|Any CPU.ActiveCfg = Debug|Any CPU
		{DB0CD6DC-7808-4C8D-981C-04C561D288B3}.Debug|Any CPU.Build.0 = Debug|Any CPU
		{DB0CD6DC-7808-4C8D-981C-04C561D288B3}.Release|Any CPU.ActiveCfg = Release|Any CPU
		{DB0CD6DC-7808-4C8D-981C-04C561D288B3}.Release|Any CPU.Build.0 = Release|Any CPU
		{DFDD142C-017C-473D-ADB4-7E3FCB728BDF}.Debug|Any CPU.ActiveCfg = Debug|Any CPU
		{DFDD142C-017C-473D-ADB4-7E3FCB728BDF}.Debug|Any CPU.Build.0 = Debug|Any CPU
		{DFDD142C-017C-473D-ADB4-7E3FCB728BDF}.Release|Any CPU.ActiveCfg = Release|Any CPU
		{DFDD142C-017C-473D-ADB4-7E3FCB728BDF}.Release|Any CPU.Build.0 = Release|Any CPU
	EndGlobalSection
	GlobalSection(SolutionProperties) = preSolution
		HideSolutionNode = FALSE
	EndGlobalSection
	GlobalSection(ExtensibilityGlobals) = postSolution
		SolutionGuid = {B42B3458-1161-4105-9441-302B5630B266}
	EndGlobalSection
EndGlobal
