
Microsoft Visual Studio Solution File, Format Version 12.00
# Visual Studio Version 17
VisualStudioVersion = 17.5.33516.290
MinimumVisualStudioVersion = 10.0.40219.1
Project("{FAE04EC0-301F-11D3-BF4B-00C04F79EFBC}") = "AsyncServer", "AsyncServer\AsyncServer.csproj", "{5F00762B-5800-425E-9F02-AED8D7CEB8B4}"
EndProject
Project("{FAE04EC0-301F-11D3-BF4B-00C04F79EFBC}") = "WebClient", "WebClient\WebClient.csproj", "{0813BF23-255E-4C03-8E59-FA3AD1D31CD0}"
EndProject
Global
	GlobalSection(SolutionConfigurationPlatforms) = preSolution
		Debug|Any CPU = Debug|Any CPU
		Release|Any CPU = Release|Any CPU
	EndGlobalSection
	GlobalSection(ProjectConfigurationPlatforms) = postSolution
		{5F00762B-5800-425E-9F02-AED8D7CEB8B4}.Debug|Any CPU.ActiveCfg = Debug|Any CPU
		{5F00762B-5800-425E-9F02-AED8D7CEB8B4}.Debug|Any CPU.Build.0 = Debug|Any CPU
		{5F00762B-5800-425E-9F02-AED8D7CEB8B4}.Release|Any CPU.ActiveCfg = Release|Any CPU
		{5F00762B-5800-425E-9F02-AED8D7CEB8B4}.Release|Any CPU.Build.0 = Release|Any CPU
		{0813BF23-255E-4C03-8E59-FA3AD1D31CD0}.Debug|Any CPU.ActiveCfg = Debug|Any CPU
		{0813BF23-255E-4C03-8E59-FA3AD1D31CD0}.Debug|Any CPU.Build.0 = Debug|Any CPU
		{0813BF23-255E-4C03-8E59-FA3AD1D31CD0}.Release|Any CPU.ActiveCfg = Release|Any CPU
		{0813BF23-255E-4C03-8E59-FA3AD1D31CD0}.Release|Any CPU.Build.0 = Release|Any CPU
	EndGlobalSection
	GlobalSection(SolutionProperties) = preSolution
		HideSolutionNode = FALSE
	EndGlobalSection
	GlobalSection(ExtensibilityGlobals) = postSolution
		SolutionGuid = {B42B3458-1161-4105-9441-302B5630B266}
	EndGlobalSection
	GlobalSection(MonoDevelopProperties) = preSolution
		Policies = $0
		$0.DotNetNamingPolicy = $1
		$1.DirectoryNamespaceAssociation = PrefixedHierarchical
	EndGlobalSection
EndGlobal
